// !$*UTF8*$!
{
	archiveVersion = 1;
	classes = {
	};
	objectVersion = 50;
	objects = {

/* Begin PBXBuildFile section */
		248567DC9CB3874D4486FF4A /* Pods_Retirement13Tests.framework in Frameworks */ = {isa = PBXBuildFile; fileRef = 4C1E6358625B53F115BDD868 /* Pods_Retirement13Tests.framework */; };
		E9904E539B55FD7A1C540958 /* Pods_Retirement13.framework in Frameworks */ = {isa = PBXBuildFile; fileRef = 7844C915D48880ECCC3BD8D7 /* Pods_Retirement13.framework */; };
		F144078324E5EB1B25118EE6 /* Pods_Retirement13_Retirement13UITests.framework in Frameworks */ = {isa = PBXBuildFile; fileRef = 79DC340B85BB04B56BB1E329 /* Pods_Retirement13_Retirement13UITests.framework */; };
		F4F4F3BA26C215C7003D4047 /* AppDelegate.swift in Sources */ = {isa = PBXBuildFile; fileRef = F4F4F3B926C215C7003D4047 /* AppDelegate.swift */; };
		F4F4F3BC26C215C7003D4047 /* SceneDelegate.swift in Sources */ = {isa = PBXBuildFile; fileRef = F4F4F3BB26C215C7003D4047 /* SceneDelegate.swift */; };
		F4F4F3BE26C215C7003D4047 /* ViewController.swift in Sources */ = {isa = PBXBuildFile; fileRef = F4F4F3BD26C215C7003D4047 /* ViewController.swift */; };
		F4F4F3C126C215C7003D4047 /* Main.storyboard in Resources */ = {isa = PBXBuildFile; fileRef = F4F4F3BF26C215C7003D4047 /* Main.storyboard */; };
		F4F4F3C326C215C8003D4047 /* Assets.xcassets in Resources */ = {isa = PBXBuildFile; fileRef = F4F4F3C226C215C8003D4047 /* Assets.xcassets */; };
		F4F4F3C626C215C8003D4047 /* LaunchScreen.storyboard in Resources */ = {isa = PBXBuildFile; fileRef = F4F4F3C426C215C8003D4047 /* LaunchScreen.storyboard */; };
		F4F4F3D126C215C8003D4047 /* Retirement13Tests.swift in Sources */ = {isa = PBXBuildFile; fileRef = F4F4F3D026C215C8003D4047 /* Retirement13Tests.swift */; };
		F4F4F3DC26C215C8003D4047 /* Retirement13UITests.swift in Sources */ = {isa = PBXBuildFile; fileRef = F4F4F3DB26C215C8003D4047 /* Retirement13UITests.swift */; };
/* End PBXBuildFile section */

/* Begin PBXContainerItemProxy section */
		F4F4F3CD26C215C8003D4047 /* PBXContainerItemProxy */ = {
			isa = PBXContainerItemProxy;
			containerPortal = F4F4F3AE26C215C7003D4047 /* Project object */;
			proxyType = 1;
			remoteGlobalIDString = F4F4F3B526C215C7003D4047;
			remoteInfo = Retirement13;
		};
		F4F4F3D826C215C8003D4047 /* PBXContainerItemProxy */ = {
			isa = PBXContainerItemProxy;
			containerPortal = F4F4F3AE26C215C7003D4047 /* Project object */;
			proxyType = 1;
			remoteGlobalIDString = F4F4F3B526C215C7003D4047;
			remoteInfo = Retirement13;
		};
/* End PBXContainerItemProxy section */

/* Begin PBXFileReference section */
		434201D82B3CEB1A920E8242 /* Pods-Retirement13.debug.xcconfig */ = {isa = PBXFileReference; includeInIndex = 1; lastKnownFileType = text.xcconfig; name = "Pods-Retirement13.debug.xcconfig"; path = "Target Support Files/Pods-Retirement13/Pods-Retirement13.debug.xcconfig"; sourceTree = "<group>"; };
		4C1E6358625B53F115BDD868 /* Pods_Retirement13Tests.framework */ = {isa = PBXFileReference; explicitFileType = wrapper.framework; includeInIndex = 0; path = Pods_Retirement13Tests.framework; sourceTree = BUILT_PRODUCTS_DIR; };
		767B5BDF3243F1CBAD3B8CB3 /* Pods-Retirement13-Retirement13UITests.debug.xcconfig */ = {isa = PBXFileReference; includeInIndex = 1; lastKnownFileType = text.xcconfig; name = "Pods-Retirement13-Retirement13UITests.debug.xcconfig"; path = "Target Support Files/Pods-Retirement13-Retirement13UITests/Pods-Retirement13-Retirement13UITests.debug.xcconfig"; sourceTree = "<group>"; };
		7844C915D48880ECCC3BD8D7 /* Pods_Retirement13.framework */ = {isa = PBXFileReference; explicitFileType = wrapper.framework; includeInIndex = 0; path = Pods_Retirement13.framework; sourceTree = BUILT_PRODUCTS_DIR; };
		79DC340B85BB04B56BB1E329 /* Pods_Retirement13_Retirement13UITests.framework */ = {isa = PBXFileReference; explicitFileType = wrapper.framework; includeInIndex = 0; path = Pods_Retirement13_Retirement13UITests.framework; sourceTree = BUILT_PRODUCTS_DIR; };
		BFEB31308705A28DC6E64852 /* Pods-Retirement13-Retirement13UITests.release.xcconfig */ = {isa = PBXFileReference; includeInIndex = 1; lastKnownFileType = text.xcconfig; name = "Pods-Retirement13-Retirement13UITests.release.xcconfig"; path = "Target Support Files/Pods-Retirement13-Retirement13UITests/Pods-Retirement13-Retirement13UITests.release.xcconfig"; sourceTree = "<group>"; };
		CFC25AA4C1DF81CC761DB860 /* Pods-Retirement13.release.xcconfig */ = {isa = PBXFileReference; includeInIndex = 1; lastKnownFileType = text.xcconfig; name = "Pods-Retirement13.release.xcconfig"; path = "Target Support Files/Pods-Retirement13/Pods-Retirement13.release.xcconfig"; sourceTree = "<group>"; };
		F057B4AA42510CD7F0AF721E /* Pods-Retirement13Tests.debug.xcconfig */ = {isa = PBXFileReference; includeInIndex = 1; lastKnownFileType = text.xcconfig; name = "Pods-Retirement13Tests.debug.xcconfig"; path = "Target Support Files/Pods-Retirement13Tests/Pods-Retirement13Tests.debug.xcconfig"; sourceTree = "<group>"; };
		F4F4F3B626C215C7003D4047 /* Retirement13.app */ = {isa = PBXFileReference; explicitFileType = wrapper.application; includeInIndex = 0; path = Retirement13.app; sourceTree = BUILT_PRODUCTS_DIR; };
		F4F4F3B926C215C7003D4047 /* AppDelegate.swift */ = {isa = PBXFileReference; lastKnownFileType = sourcecode.swift; path = AppDelegate.swift; sourceTree = "<group>"; };
		F4F4F3BB26C215C7003D4047 /* SceneDelegate.swift */ = {isa = PBXFileReference; lastKnownFileType = sourcecode.swift; path = SceneDelegate.swift; sourceTree = "<group>"; };
		F4F4F3BD26C215C7003D4047 /* ViewController.swift */ = {isa = PBXFileReference; lastKnownFileType = sourcecode.swift; path = ViewController.swift; sourceTree = "<group>"; };
		F4F4F3C026C215C7003D4047 /* Base */ = {isa = PBXFileReference; lastKnownFileType = file.storyboard; name = Base; path = Base.lproj/Main.storyboard; sourceTree = "<group>"; };
		F4F4F3C226C215C8003D4047 /* Assets.xcassets */ = {isa = PBXFileReference; lastKnownFileType = folder.assetcatalog; path = Assets.xcassets; sourceTree = "<group>"; };
		F4F4F3C526C215C8003D4047 /* Base */ = {isa = PBXFileReference; lastKnownFileType = file.storyboard; name = Base; path = Base.lproj/LaunchScreen.storyboard; sourceTree = "<group>"; };
		F4F4F3C726C215C8003D4047 /* Info.plist */ = {isa = PBXFileReference; lastKnownFileType = text.plist.xml; path = Info.plist; sourceTree = "<group>"; };
		F4F4F3CC26C215C8003D4047 /* Retirement13Tests.xctest */ = {isa = PBXFileReference; explicitFileType = wrapper.cfbundle; includeInIndex = 0; path = Retirement13Tests.xctest; sourceTree = BUILT_PRODUCTS_DIR; };
		F4F4F3D026C215C8003D4047 /* Retirement13Tests.swift */ = {isa = PBXFileReference; lastKnownFileType = sourcecode.swift; path = Retirement13Tests.swift; sourceTree = "<group>"; };
		F4F4F3D226C215C8003D4047 /* Info.plist */ = {isa = PBXFileReference; lastKnownFileType = text.plist.xml; path = Info.plist; sourceTree = "<group>"; };
		F4F4F3D726C215C8003D4047 /* Retirement13UITests.xctest */ = {isa = PBXFileReference; explicitFileType = wrapper.cfbundle; includeInIndex = 0; path = Retirement13UITests.xctest; sourceTree = BUILT_PRODUCTS_DIR; };
		F4F4F3DB26C215C8003D4047 /* Retirement13UITests.swift */ = {isa = PBXFileReference; lastKnownFileType = sourcecode.swift; path = Retirement13UITests.swift; sourceTree = "<group>"; };
		F4F4F3DD26C215C8003D4047 /* Info.plist */ = {isa = PBXFileReference; lastKnownFileType = text.plist.xml; path = Info.plist; sourceTree = "<group>"; };
		FEDC721D62FD7DABDC64A4AD /* Pods-Retirement13Tests.release.xcconfig */ = {isa = PBXFileReference; includeInIndex = 1; lastKnownFileType = text.xcconfig; name = "Pods-Retirement13Tests.release.xcconfig"; path = "Target Support Files/Pods-Retirement13Tests/Pods-Retirement13Tests.release.xcconfig"; sourceTree = "<group>"; };
/* End PBXFileReference section */

/* Begin PBXFrameworksBuildPhase section */
		F4F4F3B326C215C7003D4047 /* Frameworks */ = {
			isa = PBXFrameworksBuildPhase;
			buildActionMask = 2147483647;
			files = (
				E9904E539B55FD7A1C540958 /* Pods_Retirement13.framework in Frameworks */,
			);
			runOnlyForDeploymentPostprocessing = 0;
		};
		F4F4F3C926C215C8003D4047 /* Frameworks */ = {
			isa = PBXFrameworksBuildPhase;
			buildActionMask = 2147483647;
			files = (
				248567DC9CB3874D4486FF4A /* Pods_Retirement13Tests.framework in Frameworks */,
			);
			runOnlyForDeploymentPostprocessing = 0;
		};
		F4F4F3D426C215C8003D4047 /* Frameworks */ = {
			isa = PBXFrameworksBuildPhase;
			buildActionMask = 2147483647;
			files = (
				F144078324E5EB1B25118EE6 /* Pods_Retirement13_Retirement13UITests.framework in Frameworks */,
			);
			runOnlyForDeploymentPostprocessing = 0;
		};
/* End PBXFrameworksBuildPhase section */

/* Begin PBXGroup section */
		236332A56BB3BD1416770F19 /* Frameworks */ = {
			isa = PBXGroup;
			children = (
				7844C915D48880ECCC3BD8D7 /* Pods_Retirement13.framework */,
				79DC340B85BB04B56BB1E329 /* Pods_Retirement13_Retirement13UITests.framework */,
				4C1E6358625B53F115BDD868 /* Pods_Retirement13Tests.framework */,
			);
			name = Frameworks;
			sourceTree = "<group>";
		};
		6E33FD37533639DA3D5F5041 /* Pods */ = {
			isa = PBXGroup;
			children = (
				434201D82B3CEB1A920E8242 /* Pods-Retirement13.debug.xcconfig */,
				CFC25AA4C1DF81CC761DB860 /* Pods-Retirement13.release.xcconfig */,
				767B5BDF3243F1CBAD3B8CB3 /* Pods-Retirement13-Retirement13UITests.debug.xcconfig */,
				BFEB31308705A28DC6E64852 /* Pods-Retirement13-Retirement13UITests.release.xcconfig */,
				F057B4AA42510CD7F0AF721E /* Pods-Retirement13Tests.debug.xcconfig */,
				FEDC721D62FD7DABDC64A4AD /* Pods-Retirement13Tests.release.xcconfig */,
			);
			name = Pods;
			path = Pods;
			sourceTree = "<group>";
		};
		F4F4F3AD26C215C7003D4047 = {
			isa = PBXGroup;
			children = (
				F4F4F3B826C215C7003D4047 /* Retirement13 */,
				F4F4F3CF26C215C8003D4047 /* Retirement13Tests */,
				F4F4F3DA26C215C8003D4047 /* Retirement13UITests */,
				F4F4F3B726C215C7003D4047 /* Products */,
				6E33FD37533639DA3D5F5041 /* Pods */,
				236332A56BB3BD1416770F19 /* Frameworks */,
			);
			sourceTree = "<group>";
		};
		F4F4F3B726C215C7003D4047 /* Products */ = {
			isa = PBXGroup;
			children = (
				F4F4F3B626C215C7003D4047 /* Retirement13.app */,
				F4F4F3CC26C215C8003D4047 /* Retirement13Tests.xctest */,
				F4F4F3D726C215C8003D4047 /* Retirement13UITests.xctest */,
			);
			name = Products;
			sourceTree = "<group>";
		};
		F4F4F3B826C215C7003D4047 /* Retirement13 */ = {
			isa = PBXGroup;
			children = (
				F4F4F3B926C215C7003D4047 /* AppDelegate.swift */,
				F4F4F3BB26C215C7003D4047 /* SceneDelegate.swift */,
				F4F4F3BD26C215C7003D4047 /* ViewController.swift */,
				F4F4F3BF26C215C7003D4047 /* Main.storyboard */,
				F4F4F3C226C215C8003D4047 /* Assets.xcassets */,
				F4F4F3C426C215C8003D4047 /* LaunchScreen.storyboard */,
				F4F4F3C726C215C8003D4047 /* Info.plist */,
			);
			path = Retirement13;
			sourceTree = "<group>";
		};
		F4F4F3CF26C215C8003D4047 /* Retirement13Tests */ = {
			isa = PBXGroup;
			children = (
				F4F4F3D026C215C8003D4047 /* Retirement13Tests.swift */,
				F4F4F3D226C215C8003D4047 /* Info.plist */,
			);
			path = Retirement13Tests;
			sourceTree = "<group>";
		};
		F4F4F3DA26C215C8003D4047 /* Retirement13UITests */ = {
			isa = PBXGroup;
			children = (
				F4F4F3DB26C215C8003D4047 /* Retirement13UITests.swift */,
				F4F4F3DD26C215C8003D4047 /* Info.plist */,
			);
			path = Retirement13UITests;
			sourceTree = "<group>";
		};
/* End PBXGroup section */

/* Begin PBXNativeTarget section */
		F4F4F3B526C215C7003D4047 /* Retirement13 */ = {
			isa = PBXNativeTarget;
			buildConfigurationList = F4F4F3E026C215C8003D4047 /* Build configuration list for PBXNativeTarget "Retirement13" */;
			buildPhases = (
				AE43611A31A197427997F0AD /* [CP] Check Pods Manifest.lock */,
				F4F4F3B226C215C7003D4047 /* Sources */,
				F4F4F3B326C215C7003D4047 /* Frameworks */,
				F4F4F3B426C215C7003D4047 /* Resources */,
			);
			buildRules = (
			);
			dependencies = (
			);
			name = Retirement13;
			productName = Retirement13;
			productReference = F4F4F3B626C215C7003D4047 /* Retirement13.app */;
			productType = "com.apple.product-type.application";
		};
		F4F4F3CB26C215C8003D4047 /* Retirement13Tests */ = {
			isa = PBXNativeTarget;
			buildConfigurationList = F4F4F3E326C215C8003D4047 /* Build configuration list for PBXNativeTarget "Retirement13Tests" */;
			buildPhases = (
				A0527EDF4058718A1AA77A7D /* [CP] Check Pods Manifest.lock */,
				F4F4F3C826C215C8003D4047 /* Sources */,
				F4F4F3C926C215C8003D4047 /* Frameworks */,
				F4F4F3CA26C215C8003D4047 /* Resources */,
			);
			buildRules = (
			);
			dependencies = (
				F4F4F3CE26C215C8003D4047 /* PBXTargetDependency */,
			);
			name = Retirement13Tests;
			productName = Retirement13Tests;
			productReference = F4F4F3CC26C215C8003D4047 /* Retirement13Tests.xctest */;
			productType = "com.apple.product-type.bundle.unit-test";
		};
		F4F4F3D626C215C8003D4047 /* Retirement13UITests */ = {
			isa = PBXNativeTarget;
			buildConfigurationList = F4F4F3E626C215C8003D4047 /* Build configuration list for PBXNativeTarget "Retirement13UITests" */;
			buildPhases = (
				BADEE44403516C9F297C310D /* [CP] Check Pods Manifest.lock */,
				F4F4F3D326C215C8003D4047 /* Sources */,
				F4F4F3D426C215C8003D4047 /* Frameworks */,
				F4F4F3D526C215C8003D4047 /* Resources */,
			);
			buildRules = (
			);
			dependencies = (
				F4F4F3D926C215C8003D4047 /* PBXTargetDependency */,
			);
			name = Retirement13UITests;
			productName = Retirement13UITests;
			productReference = F4F4F3D726C215C8003D4047 /* Retirement13UITests.xctest */;
			productType = "com.apple.product-type.bundle.ui-testing";
		};
/* End PBXNativeTarget section */

/* Begin PBXProject section */
		F4F4F3AE26C215C7003D4047 /* Project object */ = {
			isa = PBXProject;
			attributes = {
				LastSwiftUpdateCheck = 1250;
				LastUpgradeCheck = 1250;
				TargetAttributes = {
					F4F4F3B526C215C7003D4047 = {
						CreatedOnToolsVersion = 12.5;
					};
					F4F4F3CB26C215C8003D4047 = {
						CreatedOnToolsVersion = 12.5;
						TestTargetID = F4F4F3B526C215C7003D4047;
					};
					F4F4F3D626C215C8003D4047 = {
						CreatedOnToolsVersion = 12.5;
						TestTargetID = F4F4F3B526C215C7003D4047;
					};
				};
			};
			buildConfigurationList = F4F4F3B126C215C7003D4047 /* Build configuration list for PBXProject "Retirement13" */;
			compatibilityVersion = "Xcode 9.3";
			developmentRegion = en;
			hasScannedForEncodings = 0;
			knownRegions = (
				en,
				Base,
			);
			mainGroup = F4F4F3AD26C215C7003D4047;
			productRefGroup = F4F4F3B726C215C7003D4047 /* Products */;
			projectDirPath = "";
			projectRoot = "";
			targets = (
				F4F4F3B526C215C7003D4047 /* Retirement13 */,
				F4F4F3CB26C215C8003D4047 /* Retirement13Tests */,
				F4F4F3D626C215C8003D4047 /* Retirement13UITests */,
			);
		};
/* End PBXProject section */

/* Begin PBXResourcesBuildPhase section */
		F4F4F3B426C215C7003D4047 /* Resources */ = {
			isa = PBXResourcesBuildPhase;
			buildActionMask = 2147483647;
			files = (
				F4F4F3C626C215C8003D4047 /* LaunchScreen.storyboard in Resources */,
				F4F4F3C326C215C8003D4047 /* Assets.xcassets in Resources */,
				F4F4F3C126C215C7003D4047 /* Main.storyboard in Resources */,
			);
			runOnlyForDeploymentPostprocessing = 0;
		};
		F4F4F3CA26C215C8003D4047 /* Resources */ = {
			isa = PBXResourcesBuildPhase;
			buildActionMask = 2147483647;
			files = (
			);
			runOnlyForDeploymentPostprocessing = 0;
		};
		F4F4F3D526C215C8003D4047 /* Resources */ = {
			isa = PBXResourcesBuildPhase;
			buildActionMask = 2147483647;
			files = (
			);
			runOnlyForDeploymentPostprocessing = 0;
		};
/* End PBXResourcesBuildPhase section */

/* Begin PBXShellScriptBuildPhase section */
		A0527EDF4058718A1AA77A7D /* [CP] Check Pods Manifest.lock */ = {
			isa = PBXShellScriptBuildPhase;
			buildActionMask = 2147483647;
			files = (
			);
			inputFileListPaths = (
			);
			inputPaths = (
				"${PODS_PODFILE_DIR_PATH}/Podfile.lock",
				"${PODS_ROOT}/Manifest.lock",
			);
			name = "[CP] Check Pods Manifest.lock";
			outputFileListPaths = (
			);
			outputPaths = (
				"$(DERIVED_FILE_DIR)/Pods-Retirement13Tests-checkManifestLockResult.txt",
			);
			runOnlyForDeploymentPostprocessing = 0;
			shellPath = /bin/sh;
			shellScript = "diff \"${PODS_PODFILE_DIR_PATH}/Podfile.lock\" \"${PODS_ROOT}/Manifest.lock\" > /dev/null\nif [ $? != 0 ] ; then\n    # print error to STDERR\n    echo \"error: The sandbox is not in sync with the Podfile.lock. Run 'pod install' or update your CocoaPods installation.\" >&2\n    exit 1\nfi\n# This output is used by Xcode 'outputs' to avoid re-running this script phase.\necho \"SUCCESS\" > \"${SCRIPT_OUTPUT_FILE_0}\"\n";
			showEnvVarsInLog = 0;
		};
		AE43611A31A197427997F0AD /* [CP] Check Pods Manifest.lock */ = {
			isa = PBXShellScriptBuildPhase;
			buildActionMask = 2147483647;
			files = (
			);
			inputFileListPaths = (
			);
			inputPaths = (
				"${PODS_PODFILE_DIR_PATH}/Podfile.lock",
				"${PODS_ROOT}/Manifest.lock",
			);
			name = "[CP] Check Pods Manifest.lock";
			outputFileListPaths = (
			);
			outputPaths = (
				"$(DERIVED_FILE_DIR)/Pods-Retirement13-checkManifestLockResult.txt",
			);
			runOnlyForDeploymentPostprocessing = 0;
			shellPath = /bin/sh;
			shellScript = "diff \"${PODS_PODFILE_DIR_PATH}/Podfile.lock\" \"${PODS_ROOT}/Manifest.lock\" > /dev/null\nif [ $? != 0 ] ; then\n    # print error to STDERR\n    echo \"error: The sandbox is not in sync with the Podfile.lock. Run 'pod install' or update your CocoaPods installation.\" >&2\n    exit 1\nfi\n# This output is used by Xcode 'outputs' to avoid re-running this script phase.\necho \"SUCCESS\" > \"${SCRIPT_OUTPUT_FILE_0}\"\n";
			showEnvVarsInLog = 0;
		};
		BADEE44403516C9F297C310D /* [CP] Check Pods Manifest.lock */ = {
			isa = PBXShellScriptBuildPhase;
			buildActionMask = 2147483647;
			files = (
			);
			inputFileListPaths = (
			);
			inputPaths = (
				"${PODS_PODFILE_DIR_PATH}/Podfile.lock",
				"${PODS_ROOT}/Manifest.lock",
			);
			name = "[CP] Check Pods Manifest.lock";
			outputFileListPaths = (
			);
			outputPaths = (
				"$(DERIVED_FILE_DIR)/Pods-Retirement13-Retirement13UITests-checkManifestLockResult.txt",
			);
			runOnlyForDeploymentPostprocessing = 0;
			shellPath = /bin/sh;
			shellScript = "diff \"${PODS_PODFILE_DIR_PATH}/Podfile.lock\" \"${PODS_ROOT}/Manifest.lock\" > /dev/null\nif [ $? != 0 ] ; then\n    # print error to STDERR\n    echo \"error: The sandbox is not in sync with the Podfile.lock. Run 'pod install' or update your CocoaPods installation.\" >&2\n    exit 1\nfi\n# This output is used by Xcode 'outputs' to avoid re-running this script phase.\necho \"SUCCESS\" > \"${SCRIPT_OUTPUT_FILE_0}\"\n";
			showEnvVarsInLog = 0;
		};
/* End PBXShellScriptBuildPhase section */

/* Begin PBXSourcesBuildPhase section */
		F4F4F3B226C215C7003D4047 /* Sources */ = {
			isa = PBXSourcesBuildPhase;
			buildActionMask = 2147483647;
			files = (
				F4F4F3BE26C215C7003D4047 /* ViewController.swift in Sources */,
				F4F4F3BA26C215C7003D4047 /* AppDelegate.swift in Sources */,
				F4F4F3BC26C215C7003D4047 /* SceneDelegate.swift in Sources */,
			);
			runOnlyForDeploymentPostprocessing = 0;
		};
		F4F4F3C826C215C8003D4047 /* Sources */ = {
			isa = PBXSourcesBuildPhase;
			buildActionMask = 2147483647;
			files = (
				F4F4F3D126C215C8003D4047 /* Retirement13Tests.swift in Sources */,
			);
			runOnlyForDeploymentPostprocessing = 0;
		};
		F4F4F3D326C215C8003D4047 /* Sources */ = {
			isa = PBXSourcesBuildPhase;
			buildActionMask = 2147483647;
			files = (
				F4F4F3DC26C215C8003D4047 /* Retirement13UITests.swift in Sources */,
			);
			runOnlyForDeploymentPostprocessing = 0;
		};
/* End PBXSourcesBuildPhase section */

/* Begin PBXTargetDependency section */
		F4F4F3CE26C215C8003D4047 /* PBXTargetDependency */ = {
			isa = PBXTargetDependency;
			target = F4F4F3B526C215C7003D4047 /* Retirement13 */;
			targetProxy = F4F4F3CD26C215C8003D4047 /* PBXContainerItemProxy */;
		};
		F4F4F3D926C215C8003D4047 /* PBXTargetDependency */ = {
			isa = PBXTargetDependency;
			target = F4F4F3B526C215C7003D4047 /* Retirement13 */;
			targetProxy = F4F4F3D826C215C8003D4047 /* PBXContainerItemProxy */;
		};
/* End PBXTargetDependency section */

/* Begin PBXVariantGroup section */
		F4F4F3BF26C215C7003D4047 /* Main.storyboard */ = {
			isa = PBXVariantGroup;
			children = (
				F4F4F3C026C215C7003D4047 /* Base */,
			);
			name = Main.storyboard;
			sourceTree = "<group>";
		};
		F4F4F3C426C215C8003D4047 /* LaunchScreen.storyboard */ = {
			isa = PBXVariantGroup;
			children = (
				F4F4F3C526C215C8003D4047 /* Base */,
			);
			name = LaunchScreen.storyboard;
			sourceTree = "<group>";
		};
/* End PBXVariantGroup section */

/* Begin XCBuildConfiguration section */
		F4F4F3DE26C215C8003D4047 /* Debug */ = {
			isa = XCBuildConfiguration;
			buildSettings = {
				ALWAYS_SEARCH_USER_PATHS = NO;
				CLANG_ANALYZER_NONNULL = YES;
				CLANG_ANALYZER_NUMBER_OBJECT_CONVERSION = YES_AGGRESSIVE;
				CLANG_CXX_LANGUAGE_STANDARD = "gnu++14";
				CLANG_CXX_LIBRARY = "libc++";
				CLANG_ENABLE_MODULES = YES;
				CLANG_ENABLE_OBJC_ARC = YES;
				CLANG_ENABLE_OBJC_WEAK = YES;
				CLANG_WARN_BLOCK_CAPTURE_AUTORELEASING = YES;
				CLANG_WARN_BOOL_CONVERSION = YES;
				CLANG_WARN_COMMA = YES;
				CLANG_WARN_CONSTANT_CONVERSION = YES;
				CLANG_WARN_DEPRECATED_OBJC_IMPLEMENTATIONS = YES;
				CLANG_WARN_DIRECT_OBJC_ISA_USAGE = YES_ERROR;
				CLANG_WARN_DOCUMENTATION_COMMENTS = YES;
				CLANG_WARN_EMPTY_BODY = YES;
				CLANG_WARN_ENUM_CONVERSION = YES;
				CLANG_WARN_INFINITE_RECURSION = YES;
				CLANG_WARN_INT_CONVERSION = YES;
				CLANG_WARN_NON_LITERAL_NULL_CONVERSION = YES;
				CLANG_WARN_OBJC_IMPLICIT_RETAIN_SELF = YES;
				CLANG_WARN_OBJC_LITERAL_CONVERSION = YES;
				CLANG_WARN_OBJC_ROOT_CLASS = YES_ERROR;
				CLANG_WARN_QUOTED_INCLUDE_IN_FRAMEWORK_HEADER = YES;
				CLANG_WARN_RANGE_LOOP_ANALYSIS = YES;
				CLANG_WARN_STRICT_PROTOTYPES = YES;
				CLANG_WARN_SUSPICIOUS_MOVE = YES;
				CLANG_WARN_UNGUARDED_AVAILABILITY = YES_AGGRESSIVE;
				CLANG_WARN_UNREACHABLE_CODE = YES;
				CLANG_WARN__DUPLICATE_METHOD_MATCH = YES;
				COPY_PHASE_STRIP = NO;
				DEBUG_INFORMATION_FORMAT = dwarf;
				ENABLE_STRICT_OBJC_MSGSEND = YES;
				ENABLE_TESTABILITY = YES;
				GCC_C_LANGUAGE_STANDARD = gnu11;
				GCC_DYNAMIC_NO_PIC = NO;
				GCC_NO_COMMON_BLOCKS = YES;
				GCC_OPTIMIZATION_LEVEL = 0;
				GCC_PREPROCESSOR_DEFINITIONS = (
					"DEBUG=1",
					"$(inherited)",
				);
				GCC_WARN_64_TO_32_BIT_CONVERSION = YES;
				GCC_WARN_ABOUT_RETURN_TYPE = YES_ERROR;
				GCC_WARN_UNDECLARED_SELECTOR = YES;
				GCC_WARN_UNINITIALIZED_AUTOS = YES_AGGRESSIVE;
				GCC_WARN_UNUSED_FUNCTION = YES;
				GCC_WARN_UNUSED_VARIABLE = YES;
				IPHONEOS_DEPLOYMENT_TARGET = 14.5;
				MTL_ENABLE_DEBUG_INFO = INCLUDE_SOURCE;
				MTL_FAST_MATH = YES;
				ONLY_ACTIVE_ARCH = YES;
				SDKROOT = iphoneos;
				SWIFT_ACTIVE_COMPILATION_CONDITIONS = DEBUG;
				SWIFT_OPTIMIZATION_LEVEL = "-Onone";
			};
			name = Debug;
		};
		F4F4F3DF26C215C8003D4047 /* Release */ = {
			isa = XCBuildConfiguration;
			buildSettings = {
				ALWAYS_SEARCH_USER_PATHS = NO;
				CLANG_ANALYZER_NONNULL = YES;
				CLANG_ANALYZER_NUMBER_OBJECT_CONVERSION = YES_AGGRESSIVE;
				CLANG_CXX_LANGUAGE_STANDARD = "gnu++14";
				CLANG_CXX_LIBRARY = "libc++";
				CLANG_ENABLE_MODULES = YES;
				CLANG_ENABLE_OBJC_ARC = YES;
				CLANG_ENABLE_OBJC_WEAK = YES;
				CLANG_WARN_BLOCK_CAPTURE_AUTORELEASING = YES;
				CLANG_WARN_BOOL_CONVERSION = YES;
				CLANG_WARN_COMMA = YES;
				CLANG_WARN_CONSTANT_CONVERSION = YES;
				CLANG_WARN_DEPRECATED_OBJC_IMPLEMENTATIONS = YES;
				CLANG_WARN_DIRECT_OBJC_ISA_USAGE = YES_ERROR;
				CLANG_WARN_DOCUMENTATION_COMMENTS = YES;
				CLANG_WARN_EMPTY_BODY = YES;
				CLANG_WARN_ENUM_CONVERSION = YES;
				CLANG_WARN_INFINITE_RECURSION = YES;
				CLANG_WARN_INT_CONVERSION = YES;
				CLANG_WARN_NON_LITERAL_NULL_CONVERSION = YES;
				CLANG_WARN_OBJC_IMPLICIT_RETAIN_SELF = YES;
				CLANG_WARN_OBJC_LITERAL_CONVERSION = YES;
				CLANG_WARN_OBJC_ROOT_CLASS = YES_ERROR;
				CLANG_WARN_QUOTED_INCLUDE_IN_FRAMEWORK_HEADER = YES;
				CLANG_WARN_RANGE_LOOP_ANALYSIS = YES;
				CLANG_WARN_STRICT_PROTOTYPES = YES;
				CLANG_WARN_SUSPICIOUS_MOVE = YES;
				CLANG_WARN_UNGUARDED_AVAILABILITY = YES_AGGRESSIVE;
				CLANG_WARN_UNREACHABLE_CODE = YES;
				CLANG_WARN__DUPLICATE_METHOD_MATCH = YES;
				COPY_PHASE_STRIP = NO;
				DEBUG_INFORMATION_FORMAT = "dwarf-with-dsym";
				ENABLE_NS_ASSERTIONS = NO;
				ENABLE_STRICT_OBJC_MSGSEND = YES;
				GCC_C_LANGUAGE_STANDARD = gnu11;
				GCC_NO_COMMON_BLOCKS = YES;
				GCC_WARN_64_TO_32_BIT_CONVERSION = YES;
				GCC_WARN_ABOUT_RETURN_TYPE = YES_ERROR;
				GCC_WARN_UNDECLARED_SELECTOR = YES;
				GCC_WARN_UNINITIALIZED_AUTOS = YES_AGGRESSIVE;
				GCC_WARN_UNUSED_FUNCTION = YES;
				GCC_WARN_UNUSED_VARIABLE = YES;
				IPHONEOS_DEPLOYMENT_TARGET = 14.5;
				MTL_ENABLE_DEBUG_INFO = NO;
				MTL_FAST_MATH = YES;
				SDKROOT = iphoneos;
				SWIFT_COMPILATION_MODE = wholemodule;
				SWIFT_OPTIMIZATION_LEVEL = "-O";
				VALIDATE_PRODUCT = YES;
			};
			name = Release;
		};
		F4F4F3E126C215C8003D4047 /* Debug */ = {
			isa = XCBuildConfiguration;
			baseConfigurationReference = 434201D82B3CEB1A920E8242 /* Pods-Retirement13.debug.xcconfig */;
			buildSettings = {
				ASSETCATALOG_COMPILER_APPICON_NAME = AppIcon;
				ASSETCATALOG_COMPILER_GLOBAL_ACCENT_COLOR_NAME = AccentColor;
				CODE_SIGN_STYLE = Automatic;
				DEVELOPMENT_TEAM = HA9F856YHB;
				INFOPLIST_FILE = Retirement13/Info.plist;
				LD_RUNPATH_SEARCH_PATHS = (
					"$(inherited)",
					"@executable_path/Frameworks",
				);
				PRODUCT_BUNDLE_IDENTIFIER = "wei-tsung-cheng.Retirement13";
				PRODUCT_NAME = "$(TARGET_NAME)";
				SWIFT_VERSION = 5.0;
				TARGETED_DEVICE_FAMILY = "1,2";
			};
			name = Debug;
		};
		F4F4F3E226C215C8003D4047 /* Release */ = {
			isa = XCBuildConfiguration;
			baseConfigurationReference = CFC25AA4C1DF81CC761DB860 /* Pods-Retirement13.release.xcconfig */;
			buildSettings = {
				ASSETCATALOG_COMPILER_APPICON_NAME = AppIcon;
				ASSETCATALOG_COMPILER_GLOBAL_ACCENT_COLOR_NAME = AccentColor;
				CODE_SIGN_STYLE = Automatic;
				DEVELOPMENT_TEAM = HA9F856YHB;
				INFOPLIST_FILE = Retirement13/Info.plist;
				LD_RUNPATH_SEARCH_PATHS = (
					"$(inherited)",
					"@executable_path/Frameworks",
				);
				PRODUCT_BUNDLE_IDENTIFIER = "wei-tsung-cheng.Retirement13";
				PRODUCT_NAME = "$(TARGET_NAME)";
				SWIFT_VERSION = 5.0;
				TARGETED_DEVICE_FAMILY = "1,2";
			};
			name = Release;
		};
		F4F4F3E426C215C8003D4047 /* Debug */ = {
			isa = XCBuildConfiguration;
			baseConfigurationReference = F057B4AA42510CD7F0AF721E /* Pods-Retirement13Tests.debug.xcconfig */;
			buildSettings = {
				ALWAYS_EMBED_SWIFT_STANDARD_LIBRARIES = YES;
				BUNDLE_LOADER = "$(TEST_HOST)";
				CODE_SIGN_STYLE = Automatic;
				DEVELOPMENT_TEAM = HA9F856YHB;
				INFOPLIST_FILE = Retirement13Tests/Info.plist;
				IPHONEOS_DEPLOYMENT_TARGET = 14.5;
				LD_RUNPATH_SEARCH_PATHS = (
					"$(inherited)",
					"@executable_path/Frameworks",
					"@loader_path/Frameworks",
				);
				PRODUCT_BUNDLE_IDENTIFIER = "wei-tsung-cheng.Retirement13Tests";
				PRODUCT_NAME = "$(TARGET_NAME)";
				SWIFT_VERSION = 5.0;
				TARGETED_DEVICE_FAMILY = "1,2";
				TEST_HOST = "$(BUILT_PRODUCTS_DIR)/Retirement13.app/Retirement13";
			};
			name = Debug;
		};
		F4F4F3E526C215C8003D4047 /* Release */ = {
			isa = XCBuildConfiguration;
			baseConfigurationReference = FEDC721D62FD7DABDC64A4AD /* Pods-Retirement13Tests.release.xcconfig */;
			buildSettings = {
				ALWAYS_EMBED_SWIFT_STANDARD_LIBRARIES = YES;
				BUNDLE_LOADER = "$(TEST_HOST)";
				CODE_SIGN_STYLE = Automatic;
				DEVELOPMENT_TEAM = HA9F856YHB;
				INFOPLIST_FILE = Retirement13Tests/Info.plist;
				IPHONEOS_DEPLOYMENT_TARGET = 14.5;
				LD_RUNPATH_SEARCH_PATHS = (
					"$(inherited)",
					"@executable_path/Frameworks",
					"@loader_path/Frameworks",
				);
				PRODUCT_BUNDLE_IDENTIFIER = "wei-tsung-cheng.Retirement13Tests";
				PRODUCT_NAME = "$(TARGET_NAME)";
				SWIFT_VERSION = 5.0;
				TARGETED_DEVICE_FAMILY = "1,2";
				TEST_HOST = "$(BUILT_PRODUCTS_DIR)/Retirement13.app/Retirement13";
			};
			name = Release;
		};
		F4F4F3E726C215C8003D4047 /* Debug */ = {
			isa = XCBuildConfiguration;
			baseConfigurationReference = 767B5BDF3243F1CBAD3B8CB3 /* Pods-Retirement13-Retirement13UITests.debug.xcconfig */;
			buildSettings = {
				ALWAYS_EMBED_SWIFT_STANDARD_LIBRARIES = YES;
				CODE_SIGN_STYLE = Automatic;
				DEVELOPMENT_TEAM = HA9F856YHB;
				INFOPLIST_FILE = Retirement13UITests/Info.plist;
				LD_RUNPATH_SEARCH_PATHS = (
					"$(inherited)",
					"@executable_path/Frameworks",
					"@loader_path/Frameworks",
				);
				PRODUCT_BUNDLE_IDENTIFIER = "wei-tsung-cheng.Retirement13UITests";
				PRODUCT_NAME = "$(TARGET_NAME)";
				SWIFT_VERSION = 5.0;
				TARGETED_DEVICE_FAMILY = "1,2";
				TEST_TARGET_NAME = Retirement13;
			};
			name = Debug;
		};
		F4F4F3E826C215C8003D4047 /* Release */ = {
			isa = XCBuildConfiguration;
			baseConfigurationReference = BFEB31308705A28DC6E64852 /* Pods-Retirement13-Retirement13UITests.release.xcconfig */;
			buildSettings = {
				ALWAYS_EMBED_SWIFT_STANDARD_LIBRARIES = YES;
				CODE_SIGN_STYLE = Automatic;
				DEVELOPMENT_TEAM = HA9F856YHB;
				INFOPLIST_FILE = Retirement13UITests/Info.plist;
				LD_RUNPATH_SEARCH_PATHS = (
					"$(inherited)",
					"@executable_path/Frameworks",
					"@loader_path/Frameworks",
				);
				PRODUCT_BUNDLE_IDENTIFIER = "wei-tsung-cheng.Retirement13UITests";
				PRODUCT_NAME = "$(TARGET_NAME)";
				SWIFT_VERSION = 5.0;
				TARGETED_DEVICE_FAMILY = "1,2";
				TEST_TARGET_NAME = Retirement13;
			};
			name = Release;
		};
/* End XCBuildConfiguration section */

/* Begin XCConfigurationList section */
		F4F4F3B126C215C7003D4047 /* Build configuration list for PBXProject "Retirement13" */ = {
			isa = XCConfigurationList;
			buildConfigurations = (
				F4F4F3DE26C215C8003D4047 /* Debug */,
				F4F4F3DF26C215C8003D4047 /* Release */,
			);
			defaultConfigurationIsVisible = 0;
			defaultConfigurationName = Release;
		};
		F4F4F3E026C215C8003D4047 /* Build configuration list for PBXNativeTarget "Retirement13" */ = {
			isa = XCConfigurationList;
			buildConfigurations = (
				F4F4F3E126C215C8003D4047 /* Debug */,
				F4F4F3E226C215C8003D4047 /* Release */,
			);
			defaultConfigurationIsVisible = 0;
			defaultConfigurationName = Release;
		};
		F4F4F3E326C215C8003D4047 /* Build configuration list for PBXNativeTarget "Retirement13Tests" */ = {
			isa = XCConfigurationList;
			buildConfigurations = (
				F4F4F3E426C215C8003D4047 /* Debug */,
				F4F4F3E526C215C8003D4047 /* Release */,
			);
			defaultConfigurationIsVisible = 0;
			defaultConfigurationName = Release;
		};
		F4F4F3E626C215C8003D4047 /* Build configuration list for PBXNativeTarget "Retirement13UITests" */ = {
			isa = XCConfigurationList;
			buildConfigurations = (
				F4F4F3E726C215C8003D4047 /* Debug */,
				F4F4F3E826C215C8003D4047 /* Release */,
			);
			defaultConfigurationIsVisible = 0;
			defaultConfigurationName = Release;
		};
/* End XCConfigurationList section */
	};
	rootObject = F4F4F3AE26C215C7003D4047 /* Project object */;
}
